PODS:
  - connectivity_plus (0.0.1):
    - Flutter
  - Flutter (1.0.0)
  - network_info_plus (0.0.1):
    - Flutter
  - permission_handler_apple (9.3.0):
    - Flutter
  - rusty_dlna (0.0.1)

DEPENDENCIES:
  - connectivity_plus (from `.symlinks/plugins/connectivity_plus/ios`)
  - Flutter (from `Flutter`)
  - network_info_plus (from `.symlinks/plugins/network_info_plus/ios`)
  - permission_handler_apple (from `.symlinks/plugins/permission_handler_apple/ios`)
  - rusty_dlna (from `.symlinks/plugins/rusty_dlna/ios`)

EXTERNAL SOURCES:
  connectivity_plus:
    :path: ".symlinks/plugins/connectivity_plus/ios"
  Flutter:
    :path: Flutter
  network_info_plus:
    :path: ".symlinks/plugins/network_info_plus/ios"
  permission_handler_apple:
    :path: ".symlinks/plugins/permission_handler_apple/ios"
  rusty_dlna:
    :path: ".symlinks/plugins/rusty_dlna/ios"

SPEC CHECKSUMS:
  connectivity_plus: 2a701ffec2c0ae28a48cf7540e279787e77c447d
  Flutter: cabc95a1d2626b1b06e7179b784ebcf0c0cde467
  network_info_plus: 6613d9d7cdeb0e6f366ed4dbe4b3c51c52d567a9
  permission_handler_apple: 9878588469a2b0d0fc1e048d9f43605f92e6cec2
  rusty_dlna: 04f3e22e9465a1b2ff090ee137f950fb8c7341ea

PODFILE CHECKSUM: fd8a320ab7450a516f4b2d8f044844315847d23a

COCOAPODS: 1.16.2
